
Microsoft Visual Studio Solution File, Format Version 12.00
# Visual Studio Version 17
VisualStudioVersion = 17.14.36203.30 d17.14
MinimumVisualStudioVersion = 10.0.40219.1
Project("{FAE04EC0-301F-11D3-BF4B-00C04F79EFBC}") = "Modul15_2211104010_WindowsForm", "Modul15_2211104010_WindowsForm\Modul15_2211104010_WindowsForm.csproj", "{B14FCAC8-AE72-445F-A038-4558FE7F134A}"
EndProject
Global
	GlobalSection(SolutionConfigurationPlatforms) = preSolution
		Debug|Any CPU = Debug|Any CPU
		Release|Any CPU = Release|Any CPU
	EndGlobalSection
	GlobalSection(ProjectConfigurationPlatforms) = postSolution
		{B14FCAC8-AE72-445F-A038-4558FE7F134A}.Debug|Any CPU.ActiveCfg = Debug|Any CPU
		{B14FCAC8-AE72-445F-A038-4558FE7F134A}.Debug|Any CPU.Build.0 = Debug|Any CPU
		{B14FCAC8-AE72-445F-A038-4558FE7F134A}.Release|Any CPU.ActiveCfg = Release|Any CPU
		{B14FCAC8-AE72-445F-A038-4558FE7F134A}.Release|Any CPU.Build.0 = Release|Any CPU
	EndGlobalSection
	GlobalSection(SolutionProperties) = preSolution
		HideSolutionNode = FALSE
	EndGlobalSection
	GlobalSection(ExtensibilityGlobals) = postSolution
		SolutionGuid = {3C92F28A-F787-4BCA-BA48-809B8BFDBFEA}
	EndGlobalSection
EndGlobal
